{
  "object": {
    "pins": [
      {
        "package": "AppAuth",
        "repositoryURL": "https://github.com/openid/AppAuth-iOS",
        "state": {
          "branch": null,
          "revision": "c89ed571ae140f8eb1142735e6e23d7bb8c34cb2",
          "version": "1.7.5"
        }
      },
      {
        "package": "Strongbox",
        "repositoryURL": "https://github.com/granoff/Strongbox",
        "state": {
          "branch": null,
          "revision": "455e1d9a2775f2265c99bb611c7fa0e092734a04",
          "version": "0.6.1"
        }
      }
    ]
  },
  "version": 1
}
